
Microsoft Visual Studio Solution File, Format Version 12.00
# Visual Studio Version 17
VisualStudioVersion = 17.1.32421.90
MinimumVisualStudioVersion = 10.0.40219.1
Project("{FAE04EC0-301F-11D3-BF4B-00C04F79EFBC}") = "HashingLogin", "HashingLogin\HashingLogin.csproj", "{C892C3B0-C621-4E64-9B0C-D5A165AAB7CE}"
EndProject
Global
	GlobalSection(SolutionConfigurationPlatforms) = preSolution
		Debug|Any CPU = Debug|Any CPU
		Release|Any CPU = Release|Any CPU
	EndGlobalSection
	GlobalSection(ProjectConfigurationPlatforms) = postSolution
		{C892C3B0-C621-4E64-9B0C-D5A165AAB7CE}.Debug|Any CPU.ActiveCfg = Debug|Any CPU
		{C892C3B0-C621-4E64-9B0C-D5A165AAB7CE}.Debug|Any CPU.Build.0 = Debug|Any CPU
		{C892C3B0-C621-4E64-9B0C-D5A165AAB7CE}.Release|Any CPU.ActiveCfg = Release|Any CPU
		{C892C3B0-C621-4E64-9B0C-D5A165AAB7CE}.Release|Any CPU.Build.0 = Release|Any CPU
	EndGlobalSection
	GlobalSection(SolutionProperties) = preSolution
		HideSolutionNode = FALSE
	EndGlobalSection
	GlobalSection(ExtensibilityGlobals) = postSolution
		SolutionGuid = {87744754-6767-4250-9019-CD11C3F0354C}
	EndGlobalSection
EndGlobal
